
Microsoft Visual Studio Solution File, Format Version 12.00
# Visual Studio Version 17
VisualStudioVersion = 17.4.33110.190
MinimumVisualStudioVersion = 10.0.40219.1
Project("{FAE04EC0-301F-11D3-BF4B-00C04F79EFBC}") = "modul9_1302210213", "modul9_1302210213\modul9_1302210213.csproj", "{87FB9F48-1569-40D9-9DAA-413029D3364C}"
EndProject
Global
	GlobalSection(SolutionConfigurationPlatforms) = preSolution
		Debug|Any CPU = Debug|Any CPU
		Release|Any CPU = Release|Any CPU
	EndGlobalSection
	GlobalSection(ProjectConfigurationPlatforms) = postSolution
		{87FB9F48-1569-40D9-9DAA-413029D3364C}.Debug|Any CPU.ActiveCfg = Debug|Any CPU
		{87FB9F48-1569-40D9-9DAA-413029D3364C}.Debug|Any CPU.Build.0 = Debug|Any CPU
		{87FB9F48-1569-40D9-9DAA-413029D3364C}.Release|Any CPU.ActiveCfg = Release|Any CPU
		{87FB9F48-1569-40D9-9DAA-413029D3364C}.Release|Any CPU.Build.0 = Release|Any CPU
	EndGlobalSection
	GlobalSection(SolutionProperties) = preSolution
		HideSolutionNode = FALSE
	EndGlobalSection
	GlobalSection(ExtensibilityGlobals) = postSolution
		SolutionGuid = {E373EA8D-5237-4536-9248-15BFC12B9C78}
	EndGlobalSection
EndGlobal
